
Microsoft Visual Studio Solution File, Format Version 12.00
# Visual Studio Version 17
VisualStudioVersion = 17.7.34024.191
MinimumVisualStudioVersion = 10.0.40219.1
Project("{FAE04EC0-301F-11D3-BF4B-00C04F79EFBC}") = "ooplb3_part2", "ooplb3_part2\ooplb3_part2.csproj", "{191A50F3-2BEE-43DC-9088-7D94B4DA4DC7}"
EndProject
Global
	GlobalSection(SolutionConfigurationPlatforms) = preSolution
		Debug|Any CPU = Debug|Any CPU
		Release|Any CPU = Release|Any CPU
	EndGlobalSection
	GlobalSection(ProjectConfigurationPlatforms) = postSolution
		{191A50F3-2BEE-43DC-9088-7D94B4DA4DC7}.Debug|Any CPU.ActiveCfg = Debug|Any CPU
		{191A50F3-2BEE-43DC-9088-7D94B4DA4DC7}.Debug|Any CPU.Build.0 = Debug|Any CPU
		{191A50F3-2BEE-43DC-9088-7D94B4DA4DC7}.Release|Any CPU.ActiveCfg = Release|Any CPU
		{191A50F3-2BEE-43DC-9088-7D94B4DA4DC7}.Release|Any CPU.Build.0 = Release|Any CPU
	EndGlobalSection
	GlobalSection(SolutionProperties) = preSolution
		HideSolutionNode = FALSE
	EndGlobalSection
	GlobalSection(ExtensibilityGlobals) = postSolution
		SolutionGuid = {C661AF0D-6B9B-4509-B8D2-DCB384935348}
	EndGlobalSection
EndGlobal
